
Microsoft Visual Studio Solution File, Format Version 12.00
# Visual Studio Version 16
VisualStudioVersion = 16.0.30503.244
MinimumVisualStudioVersion = 10.0.40219.1
Project("{FAE04EC0-301F-11D3-BF4B-00C04F79EFBC}") = "视觉学习", "视觉学习\视觉学习.csproj", "{4D79147E-B11A-4FD9-A65B-1293762BDE6C}"
EndProject
Project("{9A19103F-16F7-4668-BE54-9A1E7A4F7556}") = "视觉学习_dotnetcore", "视觉学习_dotnetcore\视觉学习_dotnetcore.csproj", "{C7BE3612-9539-4558-B5EB-AE05B59B4870}"
EndProject
Global
	GlobalSection(SolutionConfigurationPlatforms) = preSolution
		Debug|Any CPU = Debug|Any CPU
		Release|Any CPU = Release|Any CPU
	EndGlobalSection
	GlobalSection(ProjectConfigurationPlatforms) = postSolution
		{4D79147E-B11A-4FD9-A65B-1293762BDE6C}.Debug|Any CPU.ActiveCfg = Debug|Any CPU
		{4D79147E-B11A-4FD9-A65B-1293762BDE6C}.Debug|Any CPU.Build.0 = Debug|Any CPU
		{4D79147E-B11A-4FD9-A65B-1293762BDE6C}.Release|Any CPU.ActiveCfg = Release|Any CPU
		{4D79147E-B11A-4FD9-A65B-1293762BDE6C}.Release|Any CPU.Build.0 = Release|Any CPU
		{C7BE3612-9539-4558-B5EB-AE05B59B4870}.Debug|Any CPU.ActiveCfg = Debug|Any CPU
		{C7BE3612-9539-4558-B5EB-AE05B59B4870}.Debug|Any CPU.Build.0 = Debug|Any CPU
		{C7BE3612-9539-4558-B5EB-AE05B59B4870}.Release|Any CPU.ActiveCfg = Release|Any CPU
		{C7BE3612-9539-4558-B5EB-AE05B59B4870}.Release|Any CPU.Build.0 = Release|Any CPU
	EndGlobalSection
	GlobalSection(SolutionProperties) = preSolution
		HideSolutionNode = FALSE
	EndGlobalSection
	GlobalSection(ExtensibilityGlobals) = postSolution
		SolutionGuid = {E6A89729-6F30-474E-82CC-05C0C1AEF486}
	EndGlobalSection
EndGlobal
